Microsoft Visual Studio Solution File, Format Version 12.00
# Visual Studio 2012
Project("{FAE04EC0-301F-11D3-BF4B-00C04F79EFBC}") = "robot_roguelike", "robot_roguelike.csproj", "{16701142-6F82-447E-B52F-471558DDC136}"
EndProject
Global
	GlobalSection(SolutionConfigurationPlatforms) = preSolution
	Debug|Any CPU = Debug|Any CPU
	ExportDebug|Any CPU = ExportDebug|Any CPU
	ExportRelease|Any CPU = ExportRelease|Any CPU
	EndGlobalSection
	GlobalSection(ProjectConfigurationPlatforms) = postSolution
		{16701142-6F82-447E-B52F-471558DDC136}.Debug|Any CPU.ActiveCfg = Debug|Any CPU
		{16701142-6F82-447E-B52F-471558DDC136}.Debug|Any CPU.Build.0 = Debug|Any CPU
		{16701142-6F82-447E-B52F-471558DDC136}.ExportDebug|Any CPU.ActiveCfg = ExportDebug|Any CPU
		{16701142-6F82-447E-B52F-471558DDC136}.ExportDebug|Any CPU.Build.0 = ExportDebug|Any CPU
		{16701142-6F82-447E-B52F-471558DDC136}.ExportRelease|Any CPU.ActiveCfg = ExportRelease|Any CPU
		{16701142-6F82-447E-B52F-471558DDC136}.ExportRelease|Any CPU.Build.0 = ExportRelease|Any CPU
	EndGlobalSection
EndGlobal
